
Microsoft Visual Studio Solution File, Format Version 12.00
# Visual Studio Version 17
VisualStudioVersion = 17.11.35327.3
MinimumVisualStudioVersion = 10.0.40219.1
Project("{9A19103F-16F7-4668-BE54-9A1E7A4F7556}") = "Automation", "Automation\Automation.csproj", "{C33DD98F-460D-4851-89A2-034AC647F5D8}"
EndProject
Project("{9A19103F-16F7-4668-BE54-9A1E7A4F7556}") = "EasyScriptLauncher", "EasyScriptLauncher\EasyScriptLauncher.csproj", "{038171AC-9DBC-4CBC-B1F8-3405C999C11C}"
EndProject
Project("{FAE04EC0-301F-11D3-BF4B-00C04F79EFBC}") = "ConfigLib", "ConfigLib\ConfigLib.csproj", "{468BEB1C-A23B-4F62-B4B0-21C2AF2CBC36}"
EndProject
Global
	GlobalSection(SolutionConfigurationPlatforms) = preSolution
		Debug|Any CPU = Debug|Any CPU
		Release|Any CPU = Release|Any CPU
	EndGlobalSection
	GlobalSection(ProjectConfigurationPlatforms) = postSolution
		{C33DD98F-460D-4851-89A2-034AC647F5D8}.Debug|Any CPU.ActiveCfg = Debug|Any CPU
		{C33DD98F-460D-4851-89A2-034AC647F5D8}.Debug|Any CPU.Build.0 = Debug|Any CPU
		{C33DD98F-460D-4851-89A2-034AC647F5D8}.Release|Any CPU.ActiveCfg = Release|Any CPU
		{C33DD98F-460D-4851-89A2-034AC647F5D8}.Release|Any CPU.Build.0 = Release|Any CPU
		{038171AC-9DBC-4CBC-B1F8-3405C999C11C}.Debug|Any CPU.ActiveCfg = Debug|Any CPU
		{038171AC-9DBC-4CBC-B1F8-3405C999C11C}.Debug|Any CPU.Build.0 = Debug|Any CPU
		{038171AC-9DBC-4CBC-B1F8-3405C999C11C}.Release|Any CPU.ActiveCfg = Release|Any CPU
		{038171AC-9DBC-4CBC-B1F8-3405C999C11C}.Release|Any CPU.Build.0 = Release|Any CPU
		{468BEB1C-A23B-4F62-B4B0-21C2AF2CBC36}.Debug|Any CPU.ActiveCfg = Debug|Any CPU
		{468BEB1C-A23B-4F62-B4B0-21C2AF2CBC36}.Debug|Any CPU.Build.0 = Debug|Any CPU
		{468BEB1C-A23B-4F62-B4B0-21C2AF2CBC36}.Release|Any CPU.ActiveCfg = Release|Any CPU
		{468BEB1C-A23B-4F62-B4B0-21C2AF2CBC36}.Release|Any CPU.Build.0 = Release|Any CPU
	EndGlobalSection
	GlobalSection(SolutionProperties) = preSolution
		HideSolutionNode = FALSE
	EndGlobalSection
	GlobalSection(ExtensibilityGlobals) = postSolution
		SolutionGuid = {BF511E48-9D9A-46C8-998F-AB52DEDB4A5A}
	EndGlobalSection
EndGlobal
